// !$*UTF8*$!
{
	archiveVersion = 1;
	classes = {
	};
	objectVersion = 77;
	objects = {

/* Begin PBXContainerItemProxy section */
		9AD199262E567DB400A4AAE0 /* PBXContainerItemProxy */ = {
			isa = PBXContainerItemProxy;
			containerPortal = 9AD199102E567DB300A4AAE0 /* Project object */;
			proxyType = 1;
			remoteGlobalIDString = 9AD199172E567DB300A4AAE0;
			remoteInfo = "take-off-light";
		};
		9AD199302E567DB400A4AAE0 /* PBXContainerItemProxy */ = {
			isa = PBXContainerItemProxy;
			containerPortal = 9AD199102E567DB300A4AAE0 /* Project object */;
			proxyType = 1;
			remoteGlobalIDString = 9AD199172E567DB300A4AAE0;
			remoteInfo = "take-off-light";
		};
/* End PBXContainerItemProxy section */

/* Begin PBXFileReference section */
		9AD199182E567DB300A4AAE0 /* take-off-light.app */ = {isa = PBXFileReference; explicitFileType = wrapper.application; includeInIndex = 0; path = "take-off-light.app"; sourceTree = BUILT_PRODUCTS_DIR; };
		9AD199252E567DB400A4AAE0 /* take-off-lightTests.xctest */ = {isa = PBXFileReference; explicitFileType = wrapper.cfbundle; includeInIndex = 0; path = "take-off-lightTests.xctest"; sourceTree = BUILT_PRODUCTS_DIR; };
		9AD1992F2E567DB400A4AAE0 /* take-off-lightUITests.xctest */ = {isa = PBXFileReference; explicitFileType = wrapper.cfbundle; includeInIndex = 0; path = "take-off-lightUITests.xctest"; sourceTree = BUILT_PRODUCTS_DIR; };
/* End PBXFileReference section */

/* Begin PBXFileSystemSynchronizedRootGroup section */
		9AD1991A2E567DB300A4AAE0 /* take-off-light */ = {
			isa = PBXFileSystemSynchronizedRootGroup;
			path = "take-off-light";
			sourceTree = "<group>";
		};
		9AD199282E567DB400A4AAE0 /* take-off-lightTests */ = {
			isa = PBXFileSystemSynchronizedRootGroup;
			path = "take-off-lightTests";
			sourceTree = "<group>";
		};
		9AD199322E567DB400A4AAE0 /* take-off-lightUITests */ = {
			isa = PBXFileSystemSynchronizedRootGroup;
			path = "take-off-lightUITests";
			sourceTree = "<group>";
		};
/* End PBXFileSystemSynchronizedRootGroup section */

/* Begin PBXFrameworksBuildPhase section */
		9AD199152E567DB300A4AAE0 /* Frameworks */ = {
			isa = PBXFrameworksBuildPhase;
			buildActionMask = 2147483647;
			files = (
			);
			runOnlyForDeploymentPostprocessing = 0;
		};
		9AD199222E567DB400A4AAE0 /* Frameworks */ = {
			isa = PBXFrameworksBuildPhase;
			buildActionMask = 2147483647;
			files = (
			);
			runOnlyForDeploymentPostprocessing = 0;
		};
		9AD1992C2E567DB400A4AAE0 /* Frameworks */ = {
			isa = PBXFrameworksBuildPhase;
			buildActionMask = 2147483647;
			files = (
			);
			runOnlyForDeploymentPostprocessing = 0;
		};
/* End PBXFrameworksBuildPhase section */

/* Begin PBXGroup section */
		9AD1990F2E567DB300A4AAE0 = {
			isa = PBXGroup;
			children = (
				9AD1991A2E567DB300A4AAE0 /* take-off-light */,
				9AD199282E567DB400A4AAE0 /* take-off-lightTests */,
				9AD199322E567DB400A4AAE0 /* take-off-lightUITests */,
				9AD199192E567DB300A4AAE0 /* Products */,
			);
			sourceTree = "<group>";
		};
		9AD199192E567DB300A4AAE0 /* Products */ = {
			isa = PBXGroup;
			children = (
				9AD199182E567DB300A4AAE0 /* take-off-light.app */,
				9AD199252E567DB400A4AAE0 /* take-off-lightTests.xctest */,
				9AD1992F2E567DB400A4AAE0 /* take-off-lightUITests.xctest */,
			);
			name = Products;
			sourceTree = "<group>";
		};
/* End PBXGroup section */

/* Begin PBXNativeTarget section */
		9AD199172E567DB300A4AAE0 /* take-off-light */ = {
			isa = PBXNativeTarget;
			buildConfigurationList = 9AD199392E567DB400A4AAE0 /* Build configuration list for PBXNativeTarget "take-off-light" */;
			buildPhases = (
				9AD199142E567DB300A4AAE0 /* Sources */,
				9AD199152E567DB300A4AAE0 /* Frameworks */,
				9AD199162E567DB300A4AAE0 /* Resources */,
			);
			buildRules = (
			);
			dependencies = (
			);
			fileSystemSynchronizedGroups = (
				9AD1991A2E567DB300A4AAE0 /* take-off-light */,
			);
			name = "take-off-light";
			packageProductDependencies = (
			);
			productName = "take-off-light";
			productReference = 9AD199182E567DB300A4AAE0 /* take-off-light.app */;
			productType = "com.apple.product-type.application";
		};
		9AD199242E567DB400A4AAE0 /* take-off-lightTests */ = {
			isa = PBXNativeTarget;
			buildConfigurationList = 9AD1993C2E567DB400A4AAE0 /* Build configuration list for PBXNativeTarget "take-off-lightTests" */;
			buildPhases = (
				9AD199212E567DB400A4AAE0 /* Sources */,
				9AD199222E567DB400A4AAE0 /* Frameworks */,
				9AD199232E567DB400A4AAE0 /* Resources */,
			);
			buildRules = (
			);
			dependencies = (
				9AD199272E567DB400A4AAE0 /* PBXTargetDependency */,
			);
			fileSystemSynchronizedGroups = (
				9AD199282E567DB400A4AAE0 /* take-off-lightTests */,
			);
			name = "take-off-lightTests";
			packageProductDependencies = (
			);
			productName = "take-off-lightTests";
			productReference = 9AD199252E567DB400A4AAE0 /* take-off-lightTests.xctest */;
			productType = "com.apple.product-type.bundle.unit-test";
		};
		9AD1992E2E567DB400A4AAE0 /* take-off-lightUITests */ = {
			isa = PBXNativeTarget;
			buildConfigurationList = 9AD1993F2E567DB400A4AAE0 /* Build configuration list for PBXNativeTarget "take-off-lightUITests" */;
			buildPhases = (
				9AD1992B2E567DB400A4AAE0 /* Sources */,
				9AD1992C2E567DB400A4AAE0 /* Frameworks */,
				9AD1992D2E567DB400A4AAE0 /* Resources */,
			);
			buildRules = (
			);
			dependencies = (
				9AD199312E567DB400A4AAE0 /* PBXTargetDependency */,
			);
			fileSystemSynchronizedGroups = (
				9AD199322E567DB400A4AAE0 /* take-off-lightUITests */,
			);
			name = "take-off-lightUITests";
			packageProductDependencies = (
			);
			productName = "take-off-lightUITests";
			productReference = 9AD1992F2E567DB400A4AAE0 /* take-off-lightUITests.xctest */;
			productType = "com.apple.product-type.bundle.ui-testing";
		};
/* End PBXNativeTarget section */

/* Begin PBXProject section */
		9AD199102E567DB300A4AAE0 /* Project object */ = {
			isa = PBXProject;
			attributes = {
				BuildIndependentTargetsInParallel = 1;
				LastSwiftUpdateCheck = 1630;
				LastUpgradeCheck = 1630;
				TargetAttributes = {
					9AD199172E567DB300A4AAE0 = {
						CreatedOnToolsVersion = 16.3;
					};
					9AD199242E567DB400A4AAE0 = {
						CreatedOnToolsVersion = 16.3;
						TestTargetID = 9AD199172E567DB300A4AAE0;
					};
					9AD1992E2E567DB400A4AAE0 = {
						CreatedOnToolsVersion = 16.3;
						TestTargetID = 9AD199172E567DB300A4AAE0;
					};
				};
			};
			buildConfigurationList = 9AD199132E567DB300A4AAE0 /* Build configuration list for PBXProject "take-off-light" */;
			developmentRegion = en;
			hasScannedForEncodings = 0;
			knownRegions = (
				en,
				Base,
			);
			mainGroup = 9AD1990F2E567DB300A4AAE0;
			minimizedProjectReferenceProxies = 1;
			preferredProjectObjectVersion = 77;
			productRefGroup = 9AD199192E567DB300A4AAE0 /* Products */;
			projectDirPath = "";
			projectRoot = "";
			targets = (
				9AD199172E567DB300A4AAE0 /* take-off-light */,
				9AD199242E567DB400A4AAE0 /* take-off-lightTests */,
				9AD1992E2E567DB400A4AAE0 /* take-off-lightUITests */,
			);
		};
/* End PBXProject section */

/* Begin PBXResourcesBuildPhase section */
		9AD199162E567DB300A4AAE0 /* Resources */ = {
			isa = PBXResourcesBuildPhase;
			buildActionMask = 2147483647;
			files = (
			);
			runOnlyForDeploymentPostprocessing = 0;
		};
		9AD199232E567DB400A4AAE0 /* Resources */ = {
			isa = PBXResourcesBuildPhase;
			buildActionMask = 2147483647;
			files = (
			);
			runOnlyForDeploymentPostprocessing = 0;
		};
		9AD1992D2E567DB400A4AAE0 /* Resources */ = {
			isa = PBXResourcesBuildPhase;
			buildActionMask = 2147483647;
			files = (
			);
			runOnlyForDeploymentPostprocessing = 0;
		};
/* End PBXResourcesBuildPhase section */

/* Begin PBXSourcesBuildPhase section */
		9AD199142E567DB300A4AAE0 /* Sources */ = {
			isa = PBXSourcesBuildPhase;
			buildActionMask = 2147483647;
			files = (
			);
			runOnlyForDeploymentPostprocessing = 0;
		};
		9AD199212E567DB400A4AAE0 /* Sources */ = {
			isa = PBXSourcesBuildPhase;
			buildActionMask = 2147483647;
			files = (
			);
			runOnlyForDeploymentPostprocessing = 0;
		};
		9AD1992B2E567DB400A4AAE0 /* Sources */ = {
			isa = PBXSourcesBuildPhase;
			buildActionMask = 2147483647;
			files = (
			);
			runOnlyForDeploymentPostprocessing = 0;
		};
/* End PBXSourcesBuildPhase section */

/* Begin PBXTargetDependency section */
		9AD199272E567DB400A4AAE0 /* PBXTargetDependency */ = {
			isa = PBXTargetDependency;
			target = 9AD199172E567DB300A4AAE0 /* take-off-light */;
			targetProxy = 9AD199262E567DB400A4AAE0 /* PBXContainerItemProxy */;
		};
		9AD199312E567DB400A4AAE0 /* PBXTargetDependency */ = {
			isa = PBXTargetDependency;
			target = 9AD199172E567DB300A4AAE0 /* take-off-light */;
			targetProxy = 9AD199302E567DB400A4AAE0 /* PBXContainerItemProxy */;
		};
/* End PBXTargetDependency section */

/* Begin XCBuildConfiguration section */
		9AD199372E567DB400A4AAE0 /* Debug */ = {
			isa = XCBuildConfiguration;
			buildSettings = {
				ALWAYS_SEARCH_USER_PATHS = NO;
				ASSETCATALOG_COMPILER_GENERATE_SWIFT_ASSET_SYMBOL_EXTENSIONS = YES;
				CLANG_ANALYZER_NONNULL = YES;
				CLANG_ANALYZER_NUMBER_OBJECT_CONVERSION = YES_AGGRESSIVE;
				CLANG_CXX_LANGUAGE_STANDARD = "gnu++20";
				CLANG_ENABLE_MODULES = YES;
				CLANG_ENABLE_OBJC_ARC = YES;
				CLANG_ENABLE_OBJC_WEAK = YES;
				CLANG_WARN_BLOCK_CAPTURE_AUTORELEASING = YES;
				CLANG_WARN_BOOL_CONVERSION = YES;
				CLANG_WARN_COMMA = YES;
				CLANG_WARN_CONSTANT_CONVERSION = YES;
				CLANG_WARN_DEPRECATED_OBJC_IMPLEMENTATIONS = YES;
				CLANG_WARN_DIRECT_OBJC_ISA_USAGE = YES_ERROR;
				CLANG_WARN_DOCUMENTATION_COMMENTS = YES;
				CLANG_WARN_EMPTY_BODY = YES;
				CLANG_WARN_ENUM_CONVERSION = YES;
				CLANG_WARN_INFINITE_RECURSION = YES;
				CLANG_WARN_INT_CONVERSION = YES;
				CLANG_WARN_NON_LITERAL_NULL_CONVERSION = YES;
				CLANG_WARN_OBJC_IMPLICIT_RETAIN_SELF = YES;
				CLANG_WARN_OBJC_LITERAL_CONVERSION = YES;
				CLANG_WARN_OBJC_ROOT_CLASS = YES_ERROR;
				CLANG_WARN_QUOTED_INCLUDE_IN_FRAMEWORK_HEADER = YES;
				CLANG_WARN_RANGE_LOOP_ANALYSIS = YES;
				CLANG_WARN_STRICT_PROTOTYPES = YES;
				CLANG_WARN_SUSPICIOUS_MOVE = YES;
				CLANG_WARN_UNGUARDED_AVAILABILITY = YES_AGGRESSIVE;
				CLANG_WARN_UNREACHABLE_CODE = YES;
				CLANG_WARN__DUPLICATE_METHOD_MATCH = YES;
				COPY_PHASE_STRIP = NO;
				DEBUG_INFORMATION_FORMAT = dwarf;
				ENABLE_STRICT_OBJC_MSGSEND = YES;
				ENABLE_TESTABILITY = YES;
				ENABLE_USER_SCRIPT_SANDBOXING = YES;
				GCC_C_LANGUAGE_STANDARD = gnu17;
				GCC_DYNAMIC_NO_PIC = NO;
				GCC_NO_COMMON_BLOCKS = YES;
				GCC_OPTIMIZATION_LEVEL = 0;
				GCC_PREPROCESSOR_DEFINITIONS = (
					"DEBUG=1",
					"$(inherited)",
				);
				GCC_WARN_64_TO_32_BIT_CONVERSION = YES;
				GCC_WARN_ABOUT_RETURN_TYPE = YES_ERROR;
				GCC_WARN_UNDECLARED_SELECTOR = YES;
				GCC_WARN_UNINITIALIZED_AUTOS = YES_AGGRESSIVE;
				GCC_WARN_UNUSED_FUNCTION = YES;
				GCC_WARN_UNUSED_VARIABLE = YES;
				IPHONEOS_DEPLOYMENT_TARGET = 18.4;
				LOCALIZATION_PREFERS_STRING_CATALOGS = YES;
				MTL_ENABLE_DEBUG_INFO = INCLUDE_SOURCE;
				MTL_FAST_MATH = YES;
				ONLY_ACTIVE_ARCH = YES;
				SDKROOT = iphoneos;
				SWIFT_ACTIVE_COMPILATION_CONDITIONS = "DEBUG $(inherited)";
				SWIFT_OPTIMIZATION_LEVEL = "-Onone";
			};
			name = Debug;
		};
		9AD199382E567DB400A4AAE0 /* Release */ = {
			isa = XCBuildConfiguration;
			buildSettings = {
				ALWAYS_SEARCH_USER_PATHS = NO;
				ASSETCATALOG_COMPILER_GENERATE_SWIFT_ASSET_SYMBOL_EXTENSIONS = YES;
				CLANG_ANALYZER_NONNULL = YES;
				CLANG_ANALYZER_NUMBER_OBJECT_CONVERSION = YES_AGGRESSIVE;
				CLANG_CXX_LANGUAGE_STANDARD = "gnu++20";
				CLANG_ENABLE_MODULES = YES;
				CLANG_ENABLE_OBJC_ARC = YES;
				CLANG_ENABLE_OBJC_WEAK = YES;
				CLANG_WARN_BLOCK_CAPTURE_AUTORELEASING = YES;
				CLANG_WARN_BOOL_CONVERSION = YES;
				CLANG_WARN_COMMA = YES;
				CLANG_WARN_CONSTANT_CONVERSION = YES;
				CLANG_WARN_DEPRECATED_OBJC_IMPLEMENTATIONS = YES;
				CLANG_WARN_DIRECT_OBJC_ISA_USAGE = YES_ERROR;
				CLANG_WARN_DOCUMENTATION_COMMENTS = YES;
				CLANG_WARN_EMPTY_BODY = YES;
				CLANG_WARN_ENUM_CONVERSION = YES;
				CLANG_WARN_INFINITE_RECURSION = YES;
				CLANG_WARN_INT_CONVERSION = YES;
				CLANG_WARN_NON_LITERAL_NULL_CONVERSION = YES;
				CLANG_WARN_OBJC_IMPLICIT_RETAIN_SELF = YES;
				CLANG_WARN_OBJC_LITERAL_CONVERSION = YES;
				CLANG_WARN_OBJC_ROOT_CLASS = YES_ERROR;
				CLANG_WARN_QUOTED_INCLUDE_IN_FRAMEWORK_HEADER = YES;
				CLANG_WARN_RANGE_LOOP_ANALYSIS = YES;
				CLANG_WARN_STRICT_PROTOTYPES = YES;
				CLANG_WARN_SUSPICIOUS_MOVE = YES;
				CLANG_WARN_UNGUARDED_AVAILABILITY = YES_AGGRESSIVE;
				CLANG_WARN_UNREACHABLE_CODE = YES;
				CLANG_WARN__DUPLICATE_METHOD_MATCH = YES;
				COPY_PHASE_STRIP = NO;
				DEBUG_INFORMATION_FORMAT = "dwarf-with-dsym";
				ENABLE_NS_ASSERTIONS = NO;
				ENABLE_STRICT_OBJC_MSGSEND = YES;
				ENABLE_USER_SCRIPT_SANDBOXING = YES;
				GCC_C_LANGUAGE_STANDARD = gnu17;
				GCC_NO_COMMON_BLOCKS = YES;
				GCC_WARN_64_TO_32_BIT_CONVERSION = YES;
				GCC_WARN_ABOUT_RETURN_TYPE = YES_ERROR;
				GCC_WARN_UNDECLARED_SELECTOR = YES;
				GCC_WARN_UNINITIALIZED_AUTOS = YES_AGGRESSIVE;
				GCC_WARN_UNUSED_FUNCTION = YES;
				GCC_WARN_UNUSED_VARIABLE = YES;
				IPHONEOS_DEPLOYMENT_TARGET = 18.4;
				LOCALIZATION_PREFERS_STRING_CATALOGS = YES;
				MTL_ENABLE_DEBUG_INFO = NO;
				MTL_FAST_MATH = YES;
				SDKROOT = iphoneos;
				SWIFT_COMPILATION_MODE = wholemodule;
				VALIDATE_PRODUCT = YES;
			};
			name = Release;
		};
		9AD1993A2E567DB400A4AAE0 /* Debug */ = {
			isa = XCBuildConfiguration;
			buildSettings = {
				ASSETCATALOG_COMPILER_APPICON_NAME = AppIcon;
				ASSETCATALOG_COMPILER_GLOBAL_ACCENT_COLOR_NAME = AccentColor;
				CODE_SIGN_STYLE = Automatic;
				CURRENT_PROJECT_VERSION = 1;
				ENABLE_PREVIEWS = YES;
				GENERATE_INFOPLIST_FILE = YES;
				INFOPLIST_KEY_UIApplicationSceneManifest_Generation = YES;
				INFOPLIST_KEY_UIApplicationSupportsIndirectInputEvents = YES;
				INFOPLIST_KEY_UILaunchScreen_Generation = YES;
				INFOPLIST_KEY_UISupportedInterfaceOrientations_iPad = "UIInterfaceOrientationPortrait UIInterfaceOrientationPortraitUpsideDown UIInterfaceOrientationLandscapeLeft UIInterfaceOrientationLandscapeRight";
				INFOPLIST_KEY_UISupportedInterfaceOrientations_iPhone = "UIInterfaceOrientationPortrait UIInterfaceOrientationLandscapeLeft UIInterfaceOrientationLandscapeRight";
				LD_RUNPATH_SEARCH_PATHS = (
					"$(inherited)",
					"@executable_path/Frameworks",
				);
				MARKETING_VERSION = 1.0;
				PRODUCT_BUNDLE_IDENTIFIER = "cc.ihugo.practice.take-off-light";
				PRODUCT_NAME = "$(TARGET_NAME)";
				SWIFT_EMIT_LOC_STRINGS = YES;
				SWIFT_VERSION = 5.0;
				TARGETED_DEVICE_FAMILY = "1,2";
			};
			name = Debug;
		};
		9AD1993B2E567DB400A4AAE0 /* Release */ = {
			isa = XCBuildConfiguration;
			buildSettings = {
				ASSETCATALOG_COMPILER_APPICON_NAME = AppIcon;
				ASSETCATALOG_COMPILER_GLOBAL_ACCENT_COLOR_NAME = AccentColor;
				CODE_SIGN_STYLE = Automatic;
				CURRENT_PROJECT_VERSION = 1;
				ENABLE_PREVIEWS = YES;
				GENERATE_INFOPLIST_FILE = YES;
				INFOPLIST_KEY_UIApplicationSceneManifest_Generation = YES;
				INFOPLIST_KEY_UIApplicationSupportsIndirectInputEvents = YES;
				INFOPLIST_KEY_UILaunchScreen_Generation = YES;
				INFOPLIST_KEY_UISupportedInterfaceOrientations_iPad = "UIInterfaceOrientationPortrait UIInterfaceOrientationPortraitUpsideDown UIInterfaceOrientationLandscapeLeft UIInterfaceOrientationLandscapeRight";
				INFOPLIST_KEY_UISupportedInterfaceOrientations_iPhone = "UIInterfaceOrientationPortrait UIInterfaceOrientationLandscapeLeft UIInterfaceOrientationLandscapeRight";
				LD_RUNPATH_SEARCH_PATHS = (
					"$(inherited)",
					"@executable_path/Frameworks",
				);
				MARKETING_VERSION = 1.0;
				PRODUCT_BUNDLE_IDENTIFIER = "cc.ihugo.practice.take-off-light";
				PRODUCT_NAME = "$(TARGET_NAME)";
				SWIFT_EMIT_LOC_STRINGS = YES;
				SWIFT_VERSION = 5.0;
				TARGETED_DEVICE_FAMILY = "1,2";
			};
			name = Release;
		};
		9AD1993D2E567DB400A4AAE0 /* Debug */ = {
			isa = XCBuildConfiguration;
			buildSettings = {
				BUNDLE_LOADER = "$(TEST_HOST)";
				CODE_SIGN_STYLE = Automatic;
				CURRENT_PROJECT_VERSION = 1;
				GENERATE_INFOPLIST_FILE = YES;
				IPHONEOS_DEPLOYMENT_TARGET = 18.4;
				MARKETING_VERSION = 1.0;
				PRODUCT_BUNDLE_IDENTIFIER = "cc.ihugo.practice.take-off-lightTests";
				PRODUCT_NAME = "$(TARGET_NAME)";
				SWIFT_EMIT_LOC_STRINGS = NO;
				SWIFT_VERSION = 5.0;
				TARGETED_DEVICE_FAMILY = "1,2";
				TEST_HOST = "$(BUILT_PRODUCTS_DIR)/take-off-light.app/$(BUNDLE_EXECUTABLE_FOLDER_PATH)/take-off-light";
			};
			name = Debug;
		};
		9AD1993E2E567DB400A4AAE0 /* Release */ = {
			isa = XCBuildConfiguration;
			buildSettings = {
				BUNDLE_LOADER = "$(TEST_HOST)";
				CODE_SIGN_STYLE = Automatic;
				CURRENT_PROJECT_VERSION = 1;
				GENERATE_INFOPLIST_FILE = YES;
				IPHONEOS_DEPLOYMENT_TARGET = 18.4;
				MARKETING_VERSION = 1.0;
				PRODUCT_BUNDLE_IDENTIFIER = "cc.ihugo.practice.take-off-lightTests";
				PRODUCT_NAME = "$(TARGET_NAME)";
				SWIFT_EMIT_LOC_STRINGS = NO;
				SWIFT_VERSION = 5.0;
				TARGETED_DEVICE_FAMILY = "1,2";
				TEST_HOST = "$(BUILT_PRODUCTS_DIR)/take-off-light.app/$(BUNDLE_EXECUTABLE_FOLDER_PATH)/take-off-light";
			};
			name = Release;
		};
		9AD199402E567DB400A4AAE0 /* Debug */ = {
			isa = XCBuildConfiguration;
			buildSettings = {
				CODE_SIGN_STYLE = Automatic;
				CURRENT_PROJECT_VERSION = 1;
				GENERATE_INFOPLIST_FILE = YES;
				MARKETING_VERSION = 1.0;
				PRODUCT_BUNDLE_IDENTIFIER = "cc.ihugo.practice.take-off-lightUITests";
				PRODUCT_NAME = "$(TARGET_NAME)";
				SWIFT_EMIT_LOC_STRINGS = NO;
				SWIFT_VERSION = 5.0;
				TARGETED_DEVICE_FAMILY = "1,2";
				TEST_TARGET_NAME = "take-off-light";
			};
			name = Debug;
		};
		9AD199412E567DB400A4AAE0 /* Release */ = {
			isa = XCBuildConfiguration;
			buildSettings = {
				CODE_SIGN_STYLE = Automatic;
				CURRENT_PROJECT_VERSION = 1;
				GENERATE_INFOPLIST_FILE = YES;
				MARKETING_VERSION = 1.0;
				PRODUCT_BUNDLE_IDENTIFIER = "cc.ihugo.practice.take-off-lightUITests";
				PRODUCT_NAME = "$(TARGET_NAME)";
				SWIFT_EMIT_LOC_STRINGS = NO;
				SWIFT_VERSION = 5.0;
				TARGETED_DEVICE_FAMILY = "1,2";
				TEST_TARGET_NAME = "take-off-light";
			};
			name = Release;
		};
/* End XCBuildConfiguration section */

/* Begin XCConfigurationList section */
		9AD199132E567DB300A4AAE0 /* Build configuration list for PBXProject "take-off-light" */ = {
			isa = XCConfigurationList;
			buildConfigurations = (
				9AD199372E567DB400A4AAE0 /* Debug */,
				9AD199382E567DB400A4AAE0 /* Release */,
			);
			defaultConfigurationIsVisible = 0;
			defaultConfigurationName = Release;
		};
		9AD199392E567DB400A4AAE0 /* Build configuration list for PBXNativeTarget "take-off-light" */ = {
			isa = XCConfigurationList;
			buildConfigurations = (
				9AD1993A2E567DB400A4AAE0 /* Debug */,
				9AD1993B2E567DB400A4AAE0 /* Release */,
			);
			defaultConfigurationIsVisible = 0;
			defaultConfigurationName = Release;
		};
		9AD1993C2E567DB400A4AAE0 /* Build configuration list for PBXNativeTarget "take-off-lightTests" */ = {
			isa = XCConfigurationList;
			buildConfigurations = (
				9AD1993D2E567DB400A4AAE0 /* Debug */,
				9AD1993E2E567DB400A4AAE0 /* Release */,
			);
			defaultConfigurationIsVisible = 0;
			defaultConfigurationName = Release;
		};
		9AD1993F2E567DB400A4AAE0 /* Build configuration list for PBXNativeTarget "take-off-lightUITests" */ = {
			isa = XCConfigurationList;
			buildConfigurations = (
				9AD199402E567DB400A4AAE0 /* Debug */,
				9AD199412E567DB400A4AAE0 /* Release */,
			);
			defaultConfigurationIsVisible = 0;
			defaultConfigurationName = Release;
		};
/* End XCConfigurationList section */
	};
	rootObject = 9AD199102E567DB300A4AAE0 /* Project object */;
}
